
Microsoft Visual Studio Solution File, Format Version 12.00
# Visual Studio Version 17
VisualStudioVersion = 17.8.34316.72
MinimumVisualStudioVersion = 10.0.40219.1
Project("{FAE04EC0-301F-11D3-BF4B-00C04F79EFBC}") = "Gazi.Diziler", "Gazi.Diziler\Gazi.Diziler.csproj", "{E88895AA-00B7-4C7A-8329-F125FF03FA29}"
EndProject
Global
	GlobalSection(SolutionConfigurationPlatforms) = preSolution
		Debug|Any CPU = Debug|Any CPU
		Release|Any CPU = Release|Any CPU
	EndGlobalSection
	GlobalSection(ProjectConfigurationPlatforms) = postSolution
		{E88895AA-00B7-4C7A-8329-F125FF03FA29}.Debug|Any CPU.ActiveCfg = Debug|Any CPU
		{E88895AA-00B7-4C7A-8329-F125FF03FA29}.Debug|Any CPU.Build.0 = Debug|Any CPU
		{E88895AA-00B7-4C7A-8329-F125FF03FA29}.Release|Any CPU.ActiveCfg = Release|Any CPU
		{E88895AA-00B7-4C7A-8329-F125FF03FA29}.Release|Any CPU.Build.0 = Release|Any CPU
	EndGlobalSection
	GlobalSection(SolutionProperties) = preSolution
		HideSolutionNode = FALSE
	EndGlobalSection
	GlobalSection(ExtensibilityGlobals) = postSolution
		SolutionGuid = {E72AF110-C401-4764-B704-3A04A4BECC62}
	EndGlobalSection
EndGlobal
